
Microsoft Visual Studio Solution File, Format Version 12.00
# Visual Studio 14
VisualStudioVersion = 14.0.25420.1
MinimumVisualStudioVersion = 10.0.40219.1
Project("{FAE04EC0-301F-11D3-BF4B-00C04F79EFBC}") = "DUMP_domaci01", "DUMP_domaci01\DUMP_domaci01.csproj", "{C03381D6-B50A-425A-AB45-06E224A94EB4}"
EndProject
Project("{FAE04EC0-301F-11D3-BF4B-00C04F79EFBC}") = "DUMP_domaci01v2", "DUMP_domaci01v2\DUMP_domaci01v2.csproj", "{BBDDBD6B-E0ED-44B4-B878-67AA887112A9}"
EndProject
Global
	GlobalSection(SolutionConfigurationPlatforms) = preSolution
		Debug|Any CPU = Debug|Any CPU
		Release|Any CPU = Release|Any CPU
	EndGlobalSection
	GlobalSection(ProjectConfigurationPlatforms) = postSolution
		{C03381D6-B50A-425A-AB45-06E224A94EB4}.Debug|Any CPU.ActiveCfg = Debug|Any CPU
		{C03381D6-B50A-425A-AB45-06E224A94EB4}.Debug|Any CPU.Build.0 = Debug|Any CPU
		{C03381D6-B50A-425A-AB45-06E224A94EB4}.Release|Any CPU.ActiveCfg = Release|Any CPU
		{C03381D6-B50A-425A-AB45-06E224A94EB4}.Release|Any CPU.Build.0 = Release|Any CPU
		{BBDDBD6B-E0ED-44B4-B878-67AA887112A9}.Debug|Any CPU.ActiveCfg = Debug|Any CPU
		{BBDDBD6B-E0ED-44B4-B878-67AA887112A9}.Debug|Any CPU.Build.0 = Debug|Any CPU
		{BBDDBD6B-E0ED-44B4-B878-67AA887112A9}.Release|Any CPU.ActiveCfg = Release|Any CPU
		{BBDDBD6B-E0ED-44B4-B878-67AA887112A9}.Release|Any CPU.Build.0 = Release|Any CPU
	EndGlobalSection
	GlobalSection(SolutionProperties) = preSolution
		HideSolutionNode = FALSE
	EndGlobalSection
EndGlobal
